Microsoft Visual Studio Solution File, Format Version 11.00
# Visual Studio 2008

Project("{E64465DA-4A42-D658-47B3-21045B155602}") = "Countdown", "Assembly-CSharp.csproj", "{C791A156-9498-EEDA-D131-680ACBC254F1}"
EndProject
Global
	GlobalSection(SolutionConfigurationPlatforms) = preSolution
		Debug|Any CPU = Debug|Any CPU
		Release|Any CPU = Release|Any CPU
	EndGlobalSection
	GlobalSection(ProjectConfigurationPlatforms) = postSolution
		{C791A156-9498-EEDA-D131-680ACBC254F1}.Debug|Any CPU.ActiveCfg = Debug|Any CPU
		{C791A156-9498-EEDA-D131-680ACBC254F1}.Debug|Any CPU.Build.0 = Debug|Any CPU
		{C791A156-9498-EEDA-D131-680ACBC254F1}.Release|Any CPU.ActiveCfg = Release|Any CPU
		{C791A156-9498-EEDA-D131-680ACBC254F1}.Release|Any CPU.Build.0 = Release|Any CPU
	EndGlobalSection
	GlobalSection(SolutionProperties) = preSolution
		HideSolutionNode = FALSE
	EndGlobalSection
	GlobalSection(MonoDevelopProperties) = preSolution
		StartupItem = Assembly-CSharp.csproj
	EndGlobalSection
EndGlobal
